
Microsoft Visual Studio Solution File, Format Version 12.00
# Visual Studio Version 17
VisualStudioVersion = 17.6.33829.357
MinimumVisualStudioVersion = 10.0.40219.1
Project("{9A19103F-16F7-4668-BE54-9A1E7A4F7556}") = "01_Weekly_Task", "01_Weekly_Task\01_Weekly_Task.csproj", "{1A513347-89E4-4850-BCAA-E90C530D7F57}"
EndProject
Project("{9A19103F-16F7-4668-BE54-9A1E7A4F7556}") = "Graduation_Project", "Graduation_Project\Graduation_Project.csproj", "{ED5E2548-CCA2-4D33-A777-F300FBCBE988}"
EndProject
Project("{2150E333-8FDC-42A3-9474-1A3956D46DE8}") = "Weekly_Tasks", "Weekly_Tasks", "{1AE418FB-88A4-4F83-90D8-A1C474243549}"
EndProject
Project("{2150E333-8FDC-42A3-9474-1A3956D46DE8}") = "Shopping_Cart", "Shopping_Cart", "{D950944E-0744-4B4E-A30D-EC331F5B666C}"
EndProject
Project("{9A19103F-16F7-4668-BE54-9A1E7A4F7556}") = "Entity", "Entity\Entity.csproj", "{91B4FC69-5740-4F06-B2AB-577E462406ED}"
EndProject
Project("{9A19103F-16F7-4668-BE54-9A1E7A4F7556}") = "DataAccess", "DataAccess\DataAccess.csproj", "{7C5F1182-B1A2-407D-A782-361E13BEE4F0}"
EndProject
Project("{9A19103F-16F7-4668-BE54-9A1E7A4F7556}") = "DTO", "DTO\DTO.csproj", "{D1042058-A5E2-4C6D-B7FC-09FD0AED16B3}"
EndProject
Global
	GlobalSection(SolutionConfigurationPlatforms) = preSolution
		Debug|Any CPU = Debug|Any CPU
		Release|Any CPU = Release|Any CPU
	EndGlobalSection
	GlobalSection(ProjectConfigurationPlatforms) = postSolution
		{1A513347-89E4-4850-BCAA-E90C530D7F57}.Debug|Any CPU.ActiveCfg = Debug|Any CPU
		{1A513347-89E4-4850-BCAA-E90C530D7F57}.Debug|Any CPU.Build.0 = Debug|Any CPU
		{1A513347-89E4-4850-BCAA-E90C530D7F57}.Release|Any CPU.ActiveCfg = Release|Any CPU
		{1A513347-89E4-4850-BCAA-E90C530D7F57}.Release|Any CPU.Build.0 = Release|Any CPU
		{ED5E2548-CCA2-4D33-A777-F300FBCBE988}.Debug|Any CPU.ActiveCfg = Debug|Any CPU
		{ED5E2548-CCA2-4D33-A777-F300FBCBE988}.Debug|Any CPU.Build.0 = Debug|Any CPU
		{ED5E2548-CCA2-4D33-A777-F300FBCBE988}.Release|Any CPU.ActiveCfg = Release|Any CPU
		{ED5E2548-CCA2-4D33-A777-F300FBCBE988}.Release|Any CPU.Build.0 = Release|Any CPU
		{91B4FC69-5740-4F06-B2AB-577E462406ED}.Debug|Any CPU.ActiveCfg = Debug|Any CPU
		{91B4FC69-5740-4F06-B2AB-577E462406ED}.Debug|Any CPU.Build.0 = Debug|Any CPU
		{91B4FC69-5740-4F06-B2AB-577E462406ED}.Release|Any CPU.ActiveCfg = Release|Any CPU
		{91B4FC69-5740-4F06-B2AB-577E462406ED}.Release|Any CPU.Build.0 = Release|Any CPU
		{7C5F1182-B1A2-407D-A782-361E13BEE4F0}.Debug|Any CPU.ActiveCfg = Debug|Any CPU
		{7C5F1182-B1A2-407D-A782-361E13BEE4F0}.Debug|Any CPU.Build.0 = Debug|Any CPU
		{7C5F1182-B1A2-407D-A782-361E13BEE4F0}.Release|Any CPU.ActiveCfg = Release|Any CPU
		{7C5F1182-B1A2-407D-A782-361E13BEE4F0}.Release|Any CPU.Build.0 = Release|Any CPU
		{D1042058-A5E2-4C6D-B7FC-09FD0AED16B3}.Debug|Any CPU.ActiveCfg = Debug|Any CPU
		{D1042058-A5E2-4C6D-B7FC-09FD0AED16B3}.Debug|Any CPU.Build.0 = Debug|Any CPU
		{D1042058-A5E2-4C6D-B7FC-09FD0AED16B3}.Release|Any CPU.ActiveCfg = Release|Any CPU
		{D1042058-A5E2-4C6D-B7FC-09FD0AED16B3}.Release|Any CPU.Build.0 = Release|Any CPU
	EndGlobalSection
	GlobalSection(SolutionProperties) = preSolution
		HideSolutionNode = FALSE
	EndGlobalSection
	GlobalSection(NestedProjects) = preSolution
		{1A513347-89E4-4850-BCAA-E90C530D7F57} = {1AE418FB-88A4-4F83-90D8-A1C474243549}
		{ED5E2548-CCA2-4D33-A777-F300FBCBE988} = {D950944E-0744-4B4E-A30D-EC331F5B666C}
		{91B4FC69-5740-4F06-B2AB-577E462406ED} = {D950944E-0744-4B4E-A30D-EC331F5B666C}
		{7C5F1182-B1A2-407D-A782-361E13BEE4F0} = {D950944E-0744-4B4E-A30D-EC331F5B666C}
		{D1042058-A5E2-4C6D-B7FC-09FD0AED16B3} = {D950944E-0744-4B4E-A30D-EC331F5B666C}
	EndGlobalSection
	GlobalSection(ExtensibilityGlobals) = postSolution
		SolutionGuid = {1A125398-4917-4896-95D6-C9D0106E66B8}
	EndGlobalSection
EndGlobal
